// !$*UTF8*$!
{
	archiveVersion = 1;
	classes = {
	};
	objectVersion = 50;
	objects = {

/* Begin PBXBuildFile section */
		750A02BB20BAF6AE0040FA6D /* Annonate.swift in Sources */ = {isa = PBXBuildFile; fileRef = 750A02BA20BAF6AE0040FA6D /* Annonate.swift */; };
		753B011F2098669900DF411C /* icons8-settings.png in Resources */ = {isa = PBXBuildFile; fileRef = 753B011E2098669900DF411C /* icons8-settings.png */; };
		753B0121209866B100DF411C /* icons8-picture.png in Resources */ = {isa = PBXBuildFile; fileRef = 753B0120209866B100DF411C /* icons8-picture.png */; };
		753B0123209866C200DF411C /* icons8-camera.png in Resources */ = {isa = PBXBuildFile; fileRef = 753B0122209866C200DF411C /* icons8-camera.png */; };
		75650EE72098A4F700FAD8FE /* HomeViewController.swift in Sources */ = {isa = PBXBuildFile; fileRef = 75650EE62098A4F700FAD8FE /* HomeViewController.swift */; };
		75650EE92098A53300FAD8FE /* CameraViewController.swift in Sources */ = {isa = PBXBuildFile; fileRef = 75650EE82098A53300FAD8FE /* CameraViewController.swift */; };
		75650EEB2098A53D00FAD8FE /* SettingViewController.swift in Sources */ = {isa = PBXBuildFile; fileRef = 75650EEA2098A53D00FAD8FE /* SettingViewController.swift */; };
		75650EED2098A54A00FAD8FE /* PictureViewController.swift in Sources */ = {isa = PBXBuildFile; fileRef = 75650EEC2098A54A00FAD8FE /* PictureViewController.swift */; };
		7574EB3B209214F100F4169D /* AppDelegate.swift in Sources */ = {isa = PBXBuildFile; fileRef = 7574EB3A209214F100F4169D /* AppDelegate.swift */; };
		7574EB3D209214F100F4169D /* ViewController.swift in Sources */ = {isa = PBXBuildFile; fileRef = 7574EB3C209214F100F4169D /* ViewController.swift */; };
		7574EB40209214F100F4169D /* Main.storyboard in Resources */ = {isa = PBXBuildFile; fileRef = 7574EB3E209214F100F4169D /* Main.storyboard */; };
		7574EB43209214F100F4169D /* IMGVision.xcdatamodeld in Sources */ = {isa = PBXBuildFile; fileRef = 7574EB41209214F100F4169D /* IMGVision.xcdatamodeld */; };
		7574EB45209214F200F4169D /* Assets.xcassets in Resources */ = {isa = PBXBuildFile; fileRef = 7574EB44209214F200F4169D /* Assets.xcassets */; };
		7574EB48209214F200F4169D /* LaunchScreen.storyboard in Resources */ = {isa = PBXBuildFile; fileRef = 7574EB46209214F200F4169D /* LaunchScreen.storyboard */; };
		75758CD720A5CF4900BD3610 /* CloudVision.swift in Sources */ = {isa = PBXBuildFile; fileRef = 75758CD620A5CF4900BD3610 /* CloudVision.swift */; };
		75758CDB20A5D0A700BD3610 /* ImageChanger.swift in Sources */ = {isa = PBXBuildFile; fileRef = 75758CDA20A5D0A700BD3610 /* ImageChanger.swift */; };
		75758CDF20A5D28C00BD3610 /* fileprivate.swift in Sources */ = {isa = PBXBuildFile; fileRef = 75758CDE20A5D28C00BD3610 /* fileprivate.swift */; };
		75758CE120A5D50F00BD3610 /* AnalyzeViewController.swift in Sources */ = {isa = PBXBuildFile; fileRef = 75758CE020A5D50F00BD3610 /* AnalyzeViewController.swift */; };
		75758CE320A5E52900BD3610 /* HttpHandler.swift in Sources */ = {isa = PBXBuildFile; fileRef = 75758CE220A5E52900BD3610 /* HttpHandler.swift */; };
		75758CE520A5E69A00BD3610 /* Jsoner.swift in Sources */ = {isa = PBXBuildFile; fileRef = 75758CE420A5E69A00BD3610 /* Jsoner.swift */; };
		75758CE720A5E8C300BD3610 /* Log.swift in Sources */ = {isa = PBXBuildFile; fileRef = 75758CE620A5E8C300BD3610 /* Log.swift */; };
		75C730A320A1FE5000585152 /* CircleMenuView.swift in Sources */ = {isa = PBXBuildFile; fileRef = 75C730A220A1FE5000585152 /* CircleMenuView.swift */; };
		75C730A520A2025E00585152 /* TitleView.swift in Sources */ = {isa = PBXBuildFile; fileRef = 75C730A420A2025E00585152 /* TitleView.swift */; };
		75C730A720A20A2100585152 /* extension.swift in Sources */ = {isa = PBXBuildFile; fileRef = 75C730A620A20A2100585152 /* extension.swift */; };
		E44530A8DDC99432CC1B9B51 /* Pods_IMGVision.framework in Frameworks */ = {isa = PBXBuildFile; fileRef = 91D793D0C111E3C96496C364 /* Pods_IMGVision.framework */; };
/* End PBXBuildFile section */

/* Begin PBXFileReference section */
		73512EE33AEA8B4286808ACA /* Pods-IMGVision.release.xcconfig */ = {isa = PBXFileReference; includeInIndex = 1; lastKnownFileType = text.xcconfig; name = "Pods-IMGVision.release.xcconfig"; path = "Pods/Target Support Files/Pods-IMGVision/Pods-IMGVision.release.xcconfig"; sourceTree = "<group>"; };
		750A02BA20BAF6AE0040FA6D /* Annonate.swift */ = {isa = PBXFileReference; lastKnownFileType = sourcecode.swift; path = Annonate.swift; sourceTree = "<group>"; };
		753B011E2098669900DF411C /* icons8-settings.png */ = {isa = PBXFileReference; lastKnownFileType = image.png; path = "icons8-settings.png"; sourceTree = "<group>"; };
		753B0120209866B100DF411C /* icons8-picture.png */ = {isa = PBXFileReference; lastKnownFileType = image.png; path = "icons8-picture.png"; sourceTree = "<group>"; };
		753B0122209866C200DF411C /* icons8-camera.png */ = {isa = PBXFileReference; lastKnownFileType = image.png; path = "icons8-camera.png"; sourceTree = "<group>"; };
		75650EE62098A4F700FAD8FE /* HomeViewController.swift */ = {isa = PBXFileReference; lastKnownFileType = sourcecode.swift; path = HomeViewController.swift; sourceTree = "<group>"; };
		75650EE82098A53300FAD8FE /* CameraViewController.swift */ = {isa = PBXFileReference; lastKnownFileType = sourcecode.swift; path = CameraViewController.swift; sourceTree = "<group>"; };
		75650EEA2098A53D00FAD8FE /* SettingViewController.swift */ = {isa = PBXFileReference; lastKnownFileType = sourcecode.swift; path = SettingViewController.swift; sourceTree = "<group>"; };
		75650EEC2098A54A00FAD8FE /* PictureViewController.swift */ = {isa = PBXFileReference; lastKnownFileType = sourcecode.swift; path = PictureViewController.swift; sourceTree = "<group>"; };
		7574EB37209214F100F4169D /* IMGVision.app */ = {isa = PBXFileReference; explicitFileType = wrapper.application; includeInIndex = 0; path = IMGVision.app; sourceTree = BUILT_PRODUCTS_DIR; };
		7574EB3A209214F100F4169D /* AppDelegate.swift */ = {isa = PBXFileReference; lastKnownFileType = sourcecode.swift; path = AppDelegate.swift; sourceTree = "<group>"; };
		7574EB3C209214F100F4169D /* ViewController.swift */ = {isa = PBXFileReference; lastKnownFileType = sourcecode.swift; path = ViewController.swift; sourceTree = "<group>"; };
		7574EB3F209214F100F4169D /* Base */ = {isa = PBXFileReference; lastKnownFileType = file.storyboard; name = Base; path = Base.lproj/Main.storyboard; sourceTree = "<group>"; };
		7574EB42209214F100F4169D /* IMGVision.xcdatamodel */ = {isa = PBXFileReference; lastKnownFileType = wrapper.xcdatamodel; path = IMGVision.xcdatamodel; sourceTree = "<group>"; };
		7574EB44209214F200F4169D /* Assets.xcassets */ = {isa = PBXFileReference; lastKnownFileType = folder.assetcatalog; path = Assets.xcassets; sourceTree = "<group>"; };
		7574EB47209214F200F4169D /* Base */ = {isa = PBXFileReference; lastKnownFileType = file.storyboard; name = Base; path = Base.lproj/LaunchScreen.storyboard; sourceTree = "<group>"; };
		7574EB49209214F200F4169D /* Info.plist */ = {isa = PBXFileReference; lastKnownFileType = text.plist.xml; path = Info.plist; sourceTree = "<group>"; };
		75758CD620A5CF4900BD3610 /* CloudVision.swift */ = {isa = PBXFileReference; lastKnownFileType = sourcecode.swift; path = CloudVision.swift; sourceTree = "<group>"; };
		75758CDA20A5D0A700BD3610 /* ImageChanger.swift */ = {isa = PBXFileReference; lastKnownFileType = sourcecode.swift; path = ImageChanger.swift; sourceTree = "<group>"; };
		75758CDE20A5D28C00BD3610 /* fileprivate.swift */ = {isa = PBXFileReference; lastKnownFileType = sourcecode.swift; path = fileprivate.swift; sourceTree = "<group>"; };
		75758CE020A5D50F00BD3610 /* AnalyzeViewController.swift */ = {isa = PBXFileReference; lastKnownFileType = sourcecode.swift; path = AnalyzeViewController.swift; sourceTree = "<group>"; };
		75758CE220A5E52900BD3610 /* HttpHandler.swift */ = {isa = PBXFileReference; lastKnownFileType = sourcecode.swift; path = HttpHandler.swift; sourceTree = "<group>"; };
		75758CE420A5E69A00BD3610 /* Jsoner.swift */ = {isa = PBXFileReference; lastKnownFileType = sourcecode.swift; path = Jsoner.swift; sourceTree = "<group>"; };
		75758CE620A5E8C300BD3610 /* Log.swift */ = {isa = PBXFileReference; lastKnownFileType = sourcecode.swift; path = Log.swift; sourceTree = "<group>"; };
		75C730A220A1FE5000585152 /* CircleMenuView.swift */ = {isa = PBXFileReference; lastKnownFileType = sourcecode.swift; path = CircleMenuView.swift; sourceTree = "<group>"; };
		75C730A420A2025E00585152 /* TitleView.swift */ = {isa = PBXFileReference; lastKnownFileType = sourcecode.swift; path = TitleView.swift; sourceTree = "<group>"; };
		75C730A620A20A2100585152 /* extension.swift */ = {isa = PBXFileReference; lastKnownFileType = sourcecode.swift; path = extension.swift; sourceTree = "<group>"; };
		91D793D0C111E3C96496C364 /* Pods_IMGVision.framework */ = {isa = PBXFileReference; explicitFileType = wrapper.framework; includeInIndex = 0; path = Pods_IMGVision.framework; sourceTree = BUILT_PRODUCTS_DIR; };
		F71DE499F82084CE767E7B82 /* Pods-IMGVision.debug.xcconfig */ = {isa = PBXFileReference; includeInIndex = 1; lastKnownFileType = text.xcconfig; name = "Pods-IMGVision.debug.xcconfig"; path = "Pods/Target Support Files/Pods-IMGVision/Pods-IMGVision.debug.xcconfig"; sourceTree = "<group>"; };
/* End PBXFileReference section */

/* Begin PBXFrameworksBuildPhase section */
		7574EB34209214F100F4169D /* Frameworks */ = {
			isa = PBXFrameworksBuildPhase;
			buildActionMask = 2147483647;
			files = (
				E44530A8DDC99432CC1B9B51 /* Pods_IMGVision.framework in Frameworks */,
			);
			runOnlyForDeploymentPostprocessing = 0;
		};
/* End PBXFrameworksBuildPhase section */

/* Begin PBXGroup section */
		3AD204929B4738E0A999EC99 /* Frameworks */ = {
			isa = PBXGroup;
			children = (
				91D793D0C111E3C96496C364 /* Pods_IMGVision.framework */,
			);
			name = Frameworks;
			sourceTree = "<group>";
		};
		7574EB2E209214F100F4169D = {
			isa = PBXGroup;
			children = (
				7574EB39209214F100F4169D /* IMGVision */,
				7574EB38209214F100F4169D /* Products */,
				AA922F0B996921BDD5ED8F3A /* Pods */,
				3AD204929B4738E0A999EC99 /* Frameworks */,
			);
			sourceTree = "<group>";
		};
		7574EB38209214F100F4169D /* Products */ = {
			isa = PBXGroup;
			children = (
				7574EB37209214F100F4169D /* IMGVision.app */,
			);
			name = Products;
			sourceTree = "<group>";
		};
		7574EB39209214F100F4169D /* IMGVision */ = {
			isa = PBXGroup;
			children = (
				759A4F1720A04B6E00CE2755 /* Views */,
				7574EB54209215D400F4169D /* Controllers */,
				7574EB56209215E500F4169D /* Models */,
				7574EB53209215C300F4169D /* Networking */,
				7574EB52209215BB00F4169D /* Config */,
				7574EB51209215AC00F4169D /* Utilitie */,
				7574EB4F2092158E00F4169D /* Resource */,
				7574EB3A209214F100F4169D /* AppDelegate.swift */,
				7574EB3C209214F100F4169D /* ViewController.swift */,
				7574EB3E209214F100F4169D /* Main.storyboard */,
				7574EB44209214F200F4169D /* Assets.xcassets */,
				7574EB46209214F200F4169D /* LaunchScreen.storyboard */,
				7574EB49209214F200F4169D /* Info.plist */,
				7574EB41209214F100F4169D /* IMGVision.xcdatamodeld */,
			);
			path = IMGVision;
			sourceTree = "<group>";
		};
		7574EB4F2092158E00F4169D /* Resource */ = {
			isa = PBXGroup;
			children = (
				753B0120209866B100DF411C /* icons8-picture.png */,
				753B011E2098669900DF411C /* icons8-settings.png */,
				753B0122209866C200DF411C /* icons8-camera.png */,
			);
			path = Resource;
			sourceTree = "<group>";
		};
		7574EB51209215AC00F4169D /* Utilitie */ = {
			isa = PBXGroup;
			children = (
				75C730A620A20A2100585152 /* extension.swift */,
				75758CDE20A5D28C00BD3610 /* fileprivate.swift */,
				75758CE620A5E8C300BD3610 /* Log.swift */,
			);
			path = Utilitie;
			sourceTree = "<group>";
		};
		7574EB52209215BB00F4169D /* Config */ = {
			isa = PBXGroup;
			children = (
			);
			path = Config;
			sourceTree = "<group>";
		};
		7574EB53209215C300F4169D /* Networking */ = {
			isa = PBXGroup;
			children = (
				75758CE220A5E52900BD3610 /* HttpHandler.swift */,
			);
			path = Networking;
			sourceTree = "<group>";
		};
		7574EB54209215D400F4169D /* Controllers */ = {
			isa = PBXGroup;
			children = (
				75650EE62098A4F700FAD8FE /* HomeViewController.swift */,
				75650EE82098A53300FAD8FE /* CameraViewController.swift */,
				75650EEC2098A54A00FAD8FE /* PictureViewController.swift */,
				75650EEA2098A53D00FAD8FE /* SettingViewController.swift */,
				75758CE020A5D50F00BD3610 /* AnalyzeViewController.swift */,
			);
			path = Controllers;
			sourceTree = "<group>";
		};
		7574EB56209215E500F4169D /* Models */ = {
			isa = PBXGroup;
			children = (
				75758CD620A5CF4900BD3610 /* CloudVision.swift */,
				75758CDA20A5D0A700BD3610 /* ImageChanger.swift */,
				75758CE420A5E69A00BD3610 /* Jsoner.swift */,
				750A02BA20BAF6AE0040FA6D /* Annonate.swift */,
			);
			path = Models;
			sourceTree = "<group>";
		};
		759A4F1720A04B6E00CE2755 /* Views */ = {
			isa = PBXGroup;
			children = (
				75C730A220A1FE5000585152 /* CircleMenuView.swift */,
				75C730A420A2025E00585152 /* TitleView.swift */,
			);
			path = Views;
			sourceTree = "<group>";
		};
		AA922F0B996921BDD5ED8F3A /* Pods */ = {
			isa = PBXGroup;
			children = (
				F71DE499F82084CE767E7B82 /* Pods-IMGVision.debug.xcconfig */,
				73512EE33AEA8B4286808ACA /* Pods-IMGVision.release.xcconfig */,
			);
			name = Pods;
			sourceTree = "<group>";
		};
/* End PBXGroup section */

/* Begin PBXNativeTarget section */
		7574EB36209214F100F4169D /* IMGVision */ = {
			isa = PBXNativeTarget;
			buildConfigurationList = 7574EB4C209214F200F4169D /* Build configuration list for PBXNativeTarget "IMGVision" */;
			buildPhases = (
				F7D41237C94E7CFB7DAC6DDB /* [CP] Check Pods Manifest.lock */,
				7574EB33209214F100F4169D /* Sources */,
				7574EB34209214F100F4169D /* Frameworks */,
				7574EB35209214F100F4169D /* Resources */,
				3D485C4BAFEE6D00199E80E8 /* [CP] Embed Pods Frameworks */,
			);
			buildRules = (
			);
			dependencies = (
			);
			name = IMGVision;
			productName = IMGVision;
			productReference = 7574EB37209214F100F4169D /* IMGVision.app */;
			productType = "com.apple.product-type.application";
		};
/* End PBXNativeTarget section */

/* Begin PBXProject section */
		7574EB2F209214F100F4169D /* Project object */ = {
			isa = PBXProject;
			attributes = {
				LastSwiftUpdateCheck = 0930;
				LastUpgradeCheck = 0930;
				ORGANIZATIONNAME = AmamiYou;
				TargetAttributes = {
					7574EB36209214F100F4169D = {
						CreatedOnToolsVersion = 9.3;
					};
				};
			};
			buildConfigurationList = 7574EB32209214F100F4169D /* Build configuration list for PBXProject "IMGVision" */;
			compatibilityVersion = "Xcode 9.3";
			developmentRegion = en;
			hasScannedForEncodings = 0;
			knownRegions = (
				en,
				Base,
			);
			mainGroup = 7574EB2E209214F100F4169D;
			productRefGroup = 7574EB38209214F100F4169D /* Products */;
			projectDirPath = "";
			projectRoot = "";
			targets = (
				7574EB36209214F100F4169D /* IMGVision */,
			);
		};
/* End PBXProject section */

/* Begin PBXResourcesBuildPhase section */
		7574EB35209214F100F4169D /* Resources */ = {
			isa = PBXResourcesBuildPhase;
			buildActionMask = 2147483647;
			files = (
				753B011F2098669900DF411C /* icons8-settings.png in Resources */,
				753B0121209866B100DF411C /* icons8-picture.png in Resources */,
				7574EB48209214F200F4169D /* LaunchScreen.storyboard in Resources */,
				7574EB45209214F200F4169D /* Assets.xcassets in Resources */,
				753B0123209866C200DF411C /* icons8-camera.png in Resources */,
				7574EB40209214F100F4169D /* Main.storyboard in Resources */,
			);
			runOnlyForDeploymentPostprocessing = 0;
		};
/* End PBXResourcesBuildPhase section */

/* Begin PBXShellScriptBuildPhase section */
		3D485C4BAFEE6D00199E80E8 /* [CP] Embed Pods Frameworks */ = {
			isa = PBXShellScriptBuildPhase;
			buildActionMask = 2147483647;
			files = (
			);
			inputPaths = (
				"${SRCROOT}/Pods/Target Support Files/Pods-IMGVision/Pods-IMGVision-frameworks.sh",
				"${BUILT_PRODUCTS_DIR}/CircleMenu/CircleMenu.framework",
				"${BUILT_PRODUCTS_DIR}/Hero/Hero.framework",
				"${BUILT_PRODUCTS_DIR}/Spring/Spring.framework",
				"${BUILT_PRODUCTS_DIR}/SwiftyJSON/SwiftyJSON.framework",
			);
			name = "[CP] Embed Pods Frameworks";
			outputPaths = (
				"${TARGET_BUILD_DIR}/${FRAMEWORKS_FOLDER_PATH}/CircleMenu.framework",
				"${TARGET_BUILD_DIR}/${FRAMEWORKS_FOLDER_PATH}/Hero.framework",
				"${TARGET_BUILD_DIR}/${FRAMEWORKS_FOLDER_PATH}/Spring.framework",
				"${TARGET_BUILD_DIR}/${FRAMEWORKS_FOLDER_PATH}/SwiftyJSON.framework",
			);
			runOnlyForDeploymentPostprocessing = 0;
			shellPath = /bin/sh;
			shellScript = "\"${SRCROOT}/Pods/Target Support Files/Pods-IMGVision/Pods-IMGVision-frameworks.sh\"\n";
			showEnvVarsInLog = 0;
		};
		F7D41237C94E7CFB7DAC6DDB /* [CP] Check Pods Manifest.lock */ = {
			isa = PBXShellScriptBuildPhase;
			buildActionMask = 2147483647;
			files = (
			);
			inputPaths = (
				"${PODS_PODFILE_DIR_PATH}/Podfile.lock",
				"${PODS_ROOT}/Manifest.lock",
			);
			name = "[CP] Check Pods Manifest.lock";
			outputPaths = (
				"$(DERIVED_FILE_DIR)/Pods-IMGVision-checkManifestLockResult.txt",
			);
			runOnlyForDeploymentPostprocessing = 0;
			shellPath = /bin/sh;
			shellScript = "diff \"${PODS_PODFILE_DIR_PATH}/Podfile.lock\" \"${PODS_ROOT}/Manifest.lock\" > /dev/null\nif [ $? != 0 ] ; then\n    # print error to STDERR\n    echo \"error: The sandbox is not in sync with the Podfile.lock. Run 'pod install' or update your CocoaPods installation.\" >&2\n    exit 1\nfi\n# This output is used by Xcode 'outputs' to avoid re-running this script phase.\necho \"SUCCESS\" > \"${SCRIPT_OUTPUT_FILE_0}\"\n";
			showEnvVarsInLog = 0;
		};
/* End PBXShellScriptBuildPhase section */

/* Begin PBXSourcesBuildPhase section */
		7574EB33209214F100F4169D /* Sources */ = {
			isa = PBXSourcesBuildPhase;
			buildActionMask = 2147483647;
			files = (
				75C730A320A1FE5000585152 /* CircleMenuView.swift in Sources */,
				7574EB3D209214F100F4169D /* ViewController.swift in Sources */,
				75758CDB20A5D0A700BD3610 /* ImageChanger.swift in Sources */,
				75650EE92098A53300FAD8FE /* CameraViewController.swift in Sources */,
				7574EB3B209214F100F4169D /* AppDelegate.swift in Sources */,
				7574EB43209214F100F4169D /* IMGVision.xcdatamodeld in Sources */,
				75650EED2098A54A00FAD8FE /* PictureViewController.swift in Sources */,
				750A02BB20BAF6AE0040FA6D /* Annonate.swift in Sources */,
				75758CDF20A5D28C00BD3610 /* fileprivate.swift in Sources */,
				75758CE720A5E8C300BD3610 /* Log.swift in Sources */,
				75758CE520A5E69A00BD3610 /* Jsoner.swift in Sources */,
				75758CE120A5D50F00BD3610 /* AnalyzeViewController.swift in Sources */,
				75758CD720A5CF4900BD3610 /* CloudVision.swift in Sources */,
				75758CE320A5E52900BD3610 /* HttpHandler.swift in Sources */,
				75C730A720A20A2100585152 /* extension.swift in Sources */,
				75650EE72098A4F700FAD8FE /* HomeViewController.swift in Sources */,
				75650EEB2098A53D00FAD8FE /* SettingViewController.swift in Sources */,
				75C730A520A2025E00585152 /* TitleView.swift in Sources */,
			);
			runOnlyForDeploymentPostprocessing = 0;
		};
/* End PBXSourcesBuildPhase section */

/* Begin PBXVariantGroup section */
		7574EB3E209214F100F4169D /* Main.storyboard */ = {
			isa = PBXVariantGroup;
			children = (
				7574EB3F209214F100F4169D /* Base */,
			);
			name = Main.storyboard;
			sourceTree = "<group>";
		};
		7574EB46209214F200F4169D /* LaunchScreen.storyboard */ = {
			isa = PBXVariantGroup;
			children = (
				7574EB47209214F200F4169D /* Base */,
			);
			name = LaunchScreen.storyboard;
			sourceTree = "<group>";
		};
/* End PBXVariantGroup section */

/* Begin XCBuildConfiguration section */
		7574EB4A209214F200F4169D /* Debug */ = {
			isa = XCBuildConfiguration;
			buildSettings = {
				ALWAYS_SEARCH_USER_PATHS = NO;
				CLANG_ANALYZER_NONNULL = YES;
				CLANG_ANALYZER_NUMBER_OBJECT_CONVERSION = YES_AGGRESSIVE;
				CLANG_CXX_LANGUAGE_STANDARD = "gnu++14";
				CLANG_CXX_LIBRARY = "libc++";
				CLANG_ENABLE_MODULES = YES;
				CLANG_ENABLE_OBJC_ARC = YES;
				CLANG_ENABLE_OBJC_WEAK = YES;
				CLANG_WARN_BLOCK_CAPTURE_AUTORELEASING = YES;
				CLANG_WARN_BOOL_CONVERSION = YES;
				CLANG_WARN_COMMA = YES;
				CLANG_WARN_CONSTANT_CONVERSION = YES;
				CLANG_WARN_DEPRECATED_OBJC_IMPLEMENTATIONS = YES;
				CLANG_WARN_DIRECT_OBJC_ISA_USAGE = YES_ERROR;
				CLANG_WARN_DOCUMENTATION_COMMENTS = YES;
				CLANG_WARN_EMPTY_BODY = YES;
				CLANG_WARN_ENUM_CONVERSION = YES;
				CLANG_WARN_INFINITE_RECURSION = YES;
				CLANG_WARN_INT_CONVERSION = YES;
				CLANG_WARN_NON_LITERAL_NULL_CONVERSION = YES;
				CLANG_WARN_OBJC_IMPLICIT_RETAIN_SELF = YES;
				CLANG_WARN_OBJC_LITERAL_CONVERSION = YES;
				CLANG_WARN_OBJC_ROOT_CLASS = YES_ERROR;
				CLANG_WARN_RANGE_LOOP_ANALYSIS = YES;
				CLANG_WARN_STRICT_PROTOTYPES = YES;
				CLANG_WARN_SUSPICIOUS_MOVE = YES;
				CLANG_WARN_UNGUARDED_AVAILABILITY = YES_AGGRESSIVE;
				CLANG_WARN_UNREACHABLE_CODE = YES;
				CLANG_WARN__DUPLICATE_METHOD_MATCH = YES;
				CODE_SIGN_IDENTITY = "iPhone Developer";
				COPY_PHASE_STRIP = NO;
				DEBUG_INFORMATION_FORMAT = dwarf;
				ENABLE_STRICT_OBJC_MSGSEND = YES;
				ENABLE_TESTABILITY = YES;
				GCC_C_LANGUAGE_STANDARD = gnu11;
				GCC_DYNAMIC_NO_PIC = NO;
				GCC_NO_COMMON_BLOCKS = YES;
				GCC_OPTIMIZATION_LEVEL = 0;
				GCC_PREPROCESSOR_DEFINITIONS = (
					"DEBUG=1",
					"$(inherited)",
				);
				GCC_WARN_64_TO_32_BIT_CONVERSION = YES;
				GCC_WARN_ABOUT_RETURN_TYPE = YES_ERROR;
				GCC_WARN_UNDECLARED_SELECTOR = YES;
				GCC_WARN_UNINITIALIZED_AUTOS = YES_AGGRESSIVE;
				GCC_WARN_UNUSED_FUNCTION = YES;
				GCC_WARN_UNUSED_VARIABLE = YES;
				IPHONEOS_DEPLOYMENT_TARGET = 10.1;
				MTL_ENABLE_DEBUG_INFO = YES;
				ONLY_ACTIVE_ARCH = YES;
				SDKROOT = iphoneos;
				SWIFT_ACTIVE_COMPILATION_CONDITIONS = DEBUG;
				SWIFT_OPTIMIZATION_LEVEL = "-Onone";
				SWIFT_VERSION = 4.0;
			};
			name = Debug;
		};
		7574EB4B209214F200F4169D /* Release */ = {
			isa = XCBuildConfiguration;
			buildSettings = {
				ALWAYS_SEARCH_USER_PATHS = NO;
				CLANG_ANALYZER_NONNULL = YES;
				CLANG_ANALYZER_NUMBER_OBJECT_CONVERSION = YES_AGGRESSIVE;
				CLANG_CXX_LANGUAGE_STANDARD = "gnu++14";
				CLANG_CXX_LIBRARY = "libc++";
				CLANG_ENABLE_MODULES = YES;
				CLANG_ENABLE_OBJC_ARC = YES;
				CLANG_ENABLE_OBJC_WEAK = YES;
				CLANG_WARN_BLOCK_CAPTURE_AUTORELEASING = YES;
				CLANG_WARN_BOOL_CONVERSION = YES;
				CLANG_WARN_COMMA = YES;
				CLANG_WARN_CONSTANT_CONVERSION = YES;
				CLANG_WARN_DEPRECATED_OBJC_IMPLEMENTATIONS = YES;
				CLANG_WARN_DIRECT_OBJC_ISA_USAGE = YES_ERROR;
				CLANG_WARN_DOCUMENTATION_COMMENTS = YES;
				CLANG_WARN_EMPTY_BODY = YES;
				CLANG_WARN_ENUM_CONVERSION = YES;
				CLANG_WARN_INFINITE_RECURSION = YES;
				CLANG_WARN_INT_CONVERSION = YES;
				CLANG_WARN_NON_LITERAL_NULL_CONVERSION = YES;
				CLANG_WARN_OBJC_IMPLICIT_RETAIN_SELF = YES;
				CLANG_WARN_OBJC_LITERAL_CONVERSION = YES;
				CLANG_WARN_OBJC_ROOT_CLASS = YES_ERROR;
				CLANG_WARN_RANGE_LOOP_ANALYSIS = YES;
				CLANG_WARN_STRICT_PROTOTYPES = YES;
				CLANG_WARN_SUSPICIOUS_MOVE = YES;
				CLANG_WARN_UNGUARDED_AVAILABILITY = YES_AGGRESSIVE;
				CLANG_WARN_UNREACHABLE_CODE = YES;
				CLANG_WARN__DUPLICATE_METHOD_MATCH = YES;
				CODE_SIGN_IDENTITY = "iPhone Developer";
				COPY_PHASE_STRIP = NO;
				DEBUG_INFORMATION_FORMAT = "dwarf-with-dsym";
				ENABLE_NS_ASSERTIONS = NO;
				ENABLE_STRICT_OBJC_MSGSEND = YES;
				GCC_C_LANGUAGE_STANDARD = gnu11;
				GCC_NO_COMMON_BLOCKS = YES;
				GCC_WARN_64_TO_32_BIT_CONVERSION = YES;
				GCC_WARN_ABOUT_RETURN_TYPE = YES_ERROR;
				GCC_WARN_UNDECLARED_SELECTOR = YES;
				GCC_WARN_UNINITIALIZED_AUTOS = YES_AGGRESSIVE;
				GCC_WARN_UNUSED_FUNCTION = YES;
				GCC_WARN_UNUSED_VARIABLE = YES;
				IPHONEOS_DEPLOYMENT_TARGET = 10.1;
				MTL_ENABLE_DEBUG_INFO = NO;
				SDKROOT = iphoneos;
				SWIFT_COMPILATION_MODE = wholemodule;
				SWIFT_OPTIMIZATION_LEVEL = "-O";
				SWIFT_VERSION = 4.0;
				VALIDATE_PRODUCT = YES;
			};
			name = Release;
		};
		7574EB4D209214F200F4169D /* Debug */ = {
			isa = XCBuildConfiguration;
			baseConfigurationReference = F71DE499F82084CE767E7B82 /* Pods-IMGVision.debug.xcconfig */;
			buildSettings = {
				ASSETCATALOG_COMPILER_APPICON_NAME = AppIcon;
				CODE_SIGN_IDENTITY = "iPhone Developer";
				CODE_SIGN_STYLE = Automatic;
				DEVELOPMENT_TEAM = Z6ZF6BB944;
				INFOPLIST_FILE = IMGVision/Info.plist;
				LD_RUNPATH_SEARCH_PATHS = (
					"$(inherited)",
					"@executable_path/Frameworks",
				);
				PRODUCT_BUNDLE_IDENTIFIER = ammYou.IMGVision;
				PRODUCT_NAME = "$(TARGET_NAME)";
				PROVISIONING_PROFILE_SPECIFIER = "";
				SWIFT_VERSION = 4.0;
				TARGETED_DEVICE_FAMILY = "1,2";
			};
			name = Debug;
		};
		7574EB4E209214F200F4169D /* Release */ = {
			isa = XCBuildConfiguration;
			baseConfigurationReference = 73512EE33AEA8B4286808ACA /* Pods-IMGVision.release.xcconfig */;
			buildSettings = {
				ASSETCATALOG_COMPILER_APPICON_NAME = AppIcon;
				CODE_SIGN_IDENTITY = "iPhone Developer";
				CODE_SIGN_STYLE = Automatic;
				DEVELOPMENT_TEAM = Z6ZF6BB944;
				INFOPLIST_FILE = IMGVision/Info.plist;
				LD_RUNPATH_SEARCH_PATHS = (
					"$(inherited)",
					"@executable_path/Frameworks",
				);
				PRODUCT_BUNDLE_IDENTIFIER = ammYou.IMGVision;
				PRODUCT_NAME = "$(TARGET_NAME)";
				PROVISIONING_PROFILE_SPECIFIER = "";
				SWIFT_VERSION = 4.0;
				TARGETED_DEVICE_FAMILY = "1,2";
			};
			name = Release;
		};
/* End XCBuildConfiguration section */

/* Begin XCConfigurationList section */
		7574EB32209214F100F4169D /* Build configuration list for PBXProject "IMGVision" */ = {
			isa = XCConfigurationList;
			buildConfigurations = (
				7574EB4A209214F200F4169D /* Debug */,
				7574EB4B209214F200F4169D /* Release */,
			);
			defaultConfigurationIsVisible = 0;
			defaultConfigurationName = Release;
		};
		7574EB4C209214F200F4169D /* Build configuration list for PBXNativeTarget "IMGVision" */ = {
			isa = XCConfigurationList;
			buildConfigurations = (
				7574EB4D209214F200F4169D /* Debug */,
				7574EB4E209214F200F4169D /* Release */,
			);
			defaultConfigurationIsVisible = 0;
			defaultConfigurationName = Release;
		};
/* End XCConfigurationList section */

/* Begin XCVersionGroup section */
		7574EB41209214F100F4169D /* IMGVision.xcdatamodeld */ = {
			isa = XCVersionGroup;
			children = (
				7574EB42209214F100F4169D /* IMGVision.xcdatamodel */,
			);
			currentVersion = 7574EB42209214F100F4169D /* IMGVision.xcdatamodel */;
			path = IMGVision.xcdatamodeld;
			sourceTree = "<group>";
			versionGroupType = wrapper.xcdatamodel;
		};
/* End XCVersionGroup section */
	};
	rootObject = 7574EB2F209214F100F4169D /* Project object */;
}
