// !$*UTF8*$!
{
	archiveVersion = 1;
	classes = {
	};
	objectVersion = 50;
	objects = {

/* Begin PBXBuildFile section */
		7574EB3B209214F100F4169D /* AppDelegate.swift in Sources */ = {isa = PBXBuildFile; fileRef = 7574EB3A209214F100F4169D /* AppDelegate.swift */; };
		7574EB3D209214F100F4169D /* ViewController.swift in Sources */ = {isa = PBXBuildFile; fileRef = 7574EB3C209214F100F4169D /* ViewController.swift */; };
		7574EB40209214F100F4169D /* Main.storyboard in Resources */ = {isa = PBXBuildFile; fileRef = 7574EB3E209214F100F4169D /* Main.storyboard */; };
		7574EB43209214F100F4169D /* IMGVision.xcdatamodeld in Sources */ = {isa = PBXBuildFile; fileRef = 7574EB41209214F100F4169D /* IMGVision.xcdatamodeld */; };
		7574EB45209214F200F4169D /* Assets.xcassets in Resources */ = {isa = PBXBuildFile; fileRef = 7574EB44209214F200F4169D /* Assets.xcassets */; };
		7574EB48209214F200F4169D /* LaunchScreen.storyboard in Resources */ = {isa = PBXBuildFile; fileRef = 7574EB46209214F200F4169D /* LaunchScreen.storyboard */; };
		E44530A8DDC99432CC1B9B51 /* Pods_IMGVision.framework in Frameworks */ = {isa = PBXBuildFile; fileRef = 91D793D0C111E3C96496C364 /* Pods_IMGVision.framework */; };
/* End PBXBuildFile section */

/* Begin PBXFileReference section */
		73512EE33AEA8B4286808ACA /* Pods-IMGVision.release.xcconfig */ = {isa = PBXFileReference; includeInIndex = 1; lastKnownFileType = text.xcconfig; name = "Pods-IMGVision.release.xcconfig"; path = "Pods/Target Support Files/Pods-IMGVision/Pods-IMGVision.release.xcconfig"; sourceTree = "<group>"; };
		7574EB37209214F100F4169D /* IMGVision.app */ = {isa = PBXFileReference; explicitFileType = wrapper.application; includeInIndex = 0; path = IMGVision.app; sourceTree = BUILT_PRODUCTS_DIR; };
		7574EB3A209214F100F4169D /* AppDelegate.swift */ = {isa = PBXFileReference; lastKnownFileType = sourcecode.swift; path = AppDelegate.swift; sourceTree = "<group>"; };
		7574EB3C209214F100F4169D /* ViewController.swift */ = {isa = PBXFileReference; lastKnownFileType = sourcecode.swift; path = ViewController.swift; sourceTree = "<group>"; };
		7574EB3F209214F100F4169D /* Base */ = {isa = PBXFileReference; lastKnownFileType = file.storyboard; name = Base; path = Base.lproj/Main.storyboard; sourceTree = "<group>"; };
		7574EB42209214F100F4169D /* IMGVision.xcdatamodel */ = {isa = PBXFileReference; lastKnownFileType = wrapper.xcdatamodel; path = IMGVision.xcdatamodel; sourceTree = "<group>"; };
		7574EB44209214F200F4169D /* Assets.xcassets */ = {isa = PBXFileReference; lastKnownFileType = folder.assetcatalog; path = Assets.xcassets; sourceTree = "<group>"; };
		7574EB47209214F200F4169D /* Base */ = {isa = PBXFileReference; lastKnownFileType = file.storyboard; name = Base; path = Base.lproj/LaunchScreen.storyboard; sourceTree = "<group>"; };
		7574EB49209214F200F4169D /* Info.plist */ = {isa = PBXFileReference; lastKnownFileType = text.plist.xml; path = Info.plist; sourceTree = "<group>"; };
		91D793D0C111E3C96496C364 /* Pods_IMGVision.framework */ = {isa = PBXFileReference; explicitFileType = wrapper.framework; includeInIndex = 0; path = Pods_IMGVision.framework; sourceTree = BUILT_PRODUCTS_DIR; };
		F71DE499F82084CE767E7B82 /* Pods-IMGVision.debug.xcconfig */ = {isa = PBXFileReference; includeInIndex = 1; lastKnownFileType = text.xcconfig; name = "Pods-IMGVision.debug.xcconfig"; path = "Pods/Target Support Files/Pods-IMGVision/Pods-IMGVision.debug.xcconfig"; sourceTree = "<group>"; };
/* End PBXFileReference section */

/* Begin PBXFrameworksBuildPhase section */
		7574EB34209214F100F4169D /* Frameworks */ = {
			isa = PBXFrameworksBuildPhase;
			buildActionMask = 2147483647;
			files = (
				E44530A8DDC99432CC1B9B51 /* Pods_IMGVision.framework in Frameworks */,
			);
			runOnlyForDeploymentPostprocessing = 0;
		};
/* End PBXFrameworksBuildPhase section */

/* Begin PBXGroup section */
		3AD204929B4738E0A999EC99 /* Frameworks */ = {
			isa = PBXGroup;
			children = (
				91D793D0C111E3C96496C364 /* Pods_IMGVision.framework */,
			);
			name = Frameworks;
			sourceTree = "<group>";
		};
		7574EB2E209214F100F4169D = {
			isa = PBXGroup;
			children = (
				7574EB39209214F100F4169D /* IMGVision */,
				7574EB38209214F100F4169D /* Products */,
				AA922F0B996921BDD5ED8F3A /* Pods */,
				3AD204929B4738E0A999EC99 /* Frameworks */,
			);
			sourceTree = "<group>";
		};
		7574EB38209214F100F4169D /* Products */ = {
			isa = PBXGroup;
			children = (
				7574EB37209214F100F4169D /* IMGVision.app */,
			);
			name = Products;
			sourceTree = "<group>";
		};
		7574EB39209214F100F4169D /* IMGVision */ = {
			isa = PBXGroup;
			children = (
				7574EB3A209214F100F4169D /* AppDelegate.swift */,
				7574EB3C209214F100F4169D /* ViewController.swift */,
				7574EB3E209214F100F4169D /* Main.storyboard */,
				7574EB44209214F200F4169D /* Assets.xcassets */,
				7574EB46209214F200F4169D /* LaunchScreen.storyboard */,
				7574EB49209214F200F4169D /* Info.plist */,
				7574EB41209214F100F4169D /* IMGVision.xcdatamodeld */,
			);
			path = IMGVision;
			sourceTree = "<group>";
		};
		AA922F0B996921BDD5ED8F3A /* Pods */ = {
			isa = PBXGroup;
			children = (
				F71DE499F82084CE767E7B82 /* Pods-IMGVision.debug.xcconfig */,
				73512EE33AEA8B4286808ACA /* Pods-IMGVision.release.xcconfig */,
			);
			name = Pods;
			sourceTree = "<group>";
		};
/* End PBXGroup section */

/* Begin PBXNativeTarget section */
		7574EB36209214F100F4169D /* IMGVision */ = {
			isa = PBXNativeTarget;
			buildConfigurationList = 7574EB4C209214F200F4169D /* Build configuration list for PBXNativeTarget "IMGVision" */;
			buildPhases = (
				F7D41237C94E7CFB7DAC6DDB /* [CP] Check Pods Manifest.lock */,
				7574EB33209214F100F4169D /* Sources */,
				7574EB34209214F100F4169D /* Frameworks */,
				7574EB35209214F100F4169D /* Resources */,
			);
			buildRules = (
			);
			dependencies = (
			);
			name = IMGVision;
			productName = IMGVision;
			productReference = 7574EB37209214F100F4169D /* IMGVision.app */;
			productType = "com.apple.product-type.application";
		};
/* End PBXNativeTarget section */

/* Begin PBXProject section */
		7574EB2F209214F100F4169D /* Project object */ = {
			isa = PBXProject;
			attributes = {
				LastSwiftUpdateCheck = 0930;
				LastUpgradeCheck = 0930;
				ORGANIZATIONNAME = AmamiYou;
				TargetAttributes = {
					7574EB36209214F100F4169D = {
						CreatedOnToolsVersion = 9.3;
					};
				};
			};
			buildConfigurationList = 7574EB32209214F100F4169D /* Build configuration list for PBXProject "IMGVision" */;
			compatibilityVersion = "Xcode 9.3";
			developmentRegion = en;
			hasScannedForEncodings = 0;
			knownRegions = (
				en,
				Base,
			);
			mainGroup = 7574EB2E209214F100F4169D;
			productRefGroup = 7574EB38209214F100F4169D /* Products */;
			projectDirPath = "";
			projectRoot = "";
			targets = (
				7574EB36209214F100F4169D /* IMGVision */,
			);
		};
/* End PBXProject section */

/* Begin PBXResourcesBuildPhase section */
		7574EB35209214F100F4169D /* Resources */ = {
			isa = PBXResourcesBuildPhase;
			buildActionMask = 2147483647;
			files = (
				7574EB48209214F200F4169D /* LaunchScreen.storyboard in Resources */,
				7574EB45209214F200F4169D /* Assets.xcassets in Resources */,
				7574EB40209214F100F4169D /* Main.storyboard in Resources */,
			);
			runOnlyForDeploymentPostprocessing = 0;
		};
/* End PBXResourcesBuildPhase section */

/* Begin PBXShellScriptBuildPhase section */
		F7D41237C94E7CFB7DAC6DDB /* [CP] Check Pods Manifest.lock */ = {
			isa = PBXShellScriptBuildPhase;
			buildActionMask = 2147483647;
			files = (
			);
			inputPaths = (
				"${PODS_PODFILE_DIR_PATH}/Podfile.lock",
				"${PODS_ROOT}/Manifest.lock",
			);
			name = "[CP] Check Pods Manifest.lock";
			outputPaths = (
				"$(DERIVED_FILE_DIR)/Pods-IMGVision-checkManifestLockResult.txt",
			);
			runOnlyForDeploymentPostprocessing = 0;
			shellPath = /bin/sh;
			shellScript = "diff \"${PODS_PODFILE_DIR_PATH}/Podfile.lock\" \"${PODS_ROOT}/Manifest.lock\" > /dev/null\nif [ $? != 0 ] ; then\n    # print error to STDERR\n    echo \"error: The sandbox is not in sync with the Podfile.lock. Run 'pod install' or update your CocoaPods installation.\" >&2\n    exit 1\nfi\n# This output is used by Xcode 'outputs' to avoid re-running this script phase.\necho \"SUCCESS\" > \"${SCRIPT_OUTPUT_FILE_0}\"\n";
			showEnvVarsInLog = 0;
		};
/* End PBXShellScriptBuildPhase section */

/* Begin PBXSourcesBuildPhase section */
		7574EB33209214F100F4169D /* Sources */ = {
			isa = PBXSourcesBuildPhase;
			buildActionMask = 2147483647;
			files = (
				7574EB3D209214F100F4169D /* ViewController.swift in Sources */,
				7574EB3B209214F100F4169D /* AppDelegate.swift in Sources */,
				7574EB43209214F100F4169D /* IMGVision.xcdatamodeld in Sources */,
			);
			runOnlyForDeploymentPostprocessing = 0;
		};
/* End PBXSourcesBuildPhase section */

/* Begin PBXVariantGroup section */
		7574EB3E209214F100F4169D /* Main.storyboard */ = {
			isa = PBXVariantGroup;
			children = (
				7574EB3F209214F100F4169D /* Base */,
			);
			name = Main.storyboard;
			sourceTree = "<group>";
		};
		7574EB46209214F200F4169D /* LaunchScreen.storyboard */ = {
			isa = PBXVariantGroup;
			children = (
				7574EB47209214F200F4169D /* Base */,
			);
			name = LaunchScreen.storyboard;
			sourceTree = "<group>";
		};
/* End PBXVariantGroup section */

/* Begin XCBuildConfiguration section */
		7574EB4A209214F200F4169D /* Debug */ = {
			isa = XCBuildConfiguration;
			buildSettings = {
				ALWAYS_SEARCH_USER_PATHS = NO;
				CLANG_ANALYZER_NONNULL = YES;
				CLANG_ANALYZER_NUMBER_OBJECT_CONVERSION = YES_AGGRESSIVE;
				CLANG_CXX_LANGUAGE_STANDARD = "gnu++14";
				CLANG_CXX_LIBRARY = "libc++";
				CLANG_ENABLE_MODULES = YES;
				CLANG_ENABLE_OBJC_ARC = YES;
				CLANG_ENABLE_OBJC_WEAK = YES;
				CLANG_WARN_BLOCK_CAPTURE_AUTORELEASING = YES;
				CLANG_WARN_BOOL_CONVERSION = YES;
				CLANG_WARN_COMMA = YES;
				CLANG_WARN_CONSTANT_CONVERSION = YES;
				CLANG_WARN_DEPRECATED_OBJC_IMPLEMENTATIONS = YES;
				CLANG_WARN_DIRECT_OBJC_ISA_USAGE = YES_ERROR;
				CLANG_WARN_DOCUMENTATION_COMMENTS = YES;
				CLANG_WARN_EMPTY_BODY = YES;
				CLANG_WARN_ENUM_CONVERSION = YES;
				CLANG_WARN_INFINITE_RECURSION = YES;
				CLANG_WARN_INT_CONVERSION = YES;
				CLANG_WARN_NON_LITERAL_NULL_CONVERSION = YES;
				CLANG_WARN_OBJC_IMPLICIT_RETAIN_SELF = YES;
				CLANG_WARN_OBJC_LITERAL_CONVERSION = YES;
				CLANG_WARN_OBJC_ROOT_CLASS = YES_ERROR;
				CLANG_WARN_RANGE_LOOP_ANALYSIS = YES;
				CLANG_WARN_STRICT_PROTOTYPES = YES;
				CLANG_WARN_SUSPICIOUS_MOVE = YES;
				CLANG_WARN_UNGUARDED_AVAILABILITY = YES_AGGRESSIVE;
				CLANG_WARN_UNREACHABLE_CODE = YES;
				CLANG_WARN__DUPLICATE_METHOD_MATCH = YES;
				CODE_SIGN_IDENTITY = "iPhone Developer";
				COPY_PHASE_STRIP = NO;
				DEBUG_INFORMATION_FORMAT = dwarf;
				ENABLE_STRICT_OBJC_MSGSEND = YES;
				ENABLE_TESTABILITY = YES;
				GCC_C_LANGUAGE_STANDARD = gnu11;
				GCC_DYNAMIC_NO_PIC = NO;
				GCC_NO_COMMON_BLOCKS = YES;
				GCC_OPTIMIZATION_LEVEL = 0;
				GCC_PREPROCESSOR_DEFINITIONS = (
					"DEBUG=1",
					"$(inherited)",
				);
				GCC_WARN_64_TO_32_BIT_CONVERSION = YES;
				GCC_WARN_ABOUT_RETURN_TYPE = YES_ERROR;
				GCC_WARN_UNDECLARED_SELECTOR = YES;
				GCC_WARN_UNINITIALIZED_AUTOS = YES_AGGRESSIVE;
				GCC_WARN_UNUSED_FUNCTION = YES;
				GCC_WARN_UNUSED_VARIABLE = YES;
				IPHONEOS_DEPLOYMENT_TARGET = 11.3;
				MTL_ENABLE_DEBUG_INFO = YES;
				ONLY_ACTIVE_ARCH = YES;
				SDKROOT = iphoneos;
				SWIFT_ACTIVE_COMPILATION_CONDITIONS = DEBUG;
				SWIFT_OPTIMIZATION_LEVEL = "-Onone";
			};
			name = Debug;
		};
		7574EB4B209214F200F4169D /* Release */ = {
			isa = XCBuildConfiguration;
			buildSettings = {
				ALWAYS_SEARCH_USER_PATHS = NO;
				CLANG_ANALYZER_NONNULL = YES;
				CLANG_ANALYZER_NUMBER_OBJECT_CONVERSION = YES_AGGRESSIVE;
				CLANG_CXX_LANGUAGE_STANDARD = "gnu++14";
				CLANG_CXX_LIBRARY = "libc++";
				CLANG_ENABLE_MODULES = YES;
				CLANG_ENABLE_OBJC_ARC = YES;
				CLANG_ENABLE_OBJC_WEAK = YES;
				CLANG_WARN_BLOCK_CAPTURE_AUTORELEASING = YES;
				CLANG_WARN_BOOL_CONVERSION = YES;
				CLANG_WARN_COMMA = YES;
				CLANG_WARN_CONSTANT_CONVERSION = YES;
				CLANG_WARN_DEPRECATED_OBJC_IMPLEMENTATIONS = YES;
				CLANG_WARN_DIRECT_OBJC_ISA_USAGE = YES_ERROR;
				CLANG_WARN_DOCUMENTATION_COMMENTS = YES;
				CLANG_WARN_EMPTY_BODY = YES;
				CLANG_WARN_ENUM_CONVERSION = YES;
				CLANG_WARN_INFINITE_RECURSION = YES;
				CLANG_WARN_INT_CONVERSION = YES;
				CLANG_WARN_NON_LITERAL_NULL_CONVERSION = YES;
				CLANG_WARN_OBJC_IMPLICIT_RETAIN_SELF = YES;
				CLANG_WARN_OBJC_LITERAL_CONVERSION = YES;
				CLANG_WARN_OBJC_ROOT_CLASS = YES_ERROR;
				CLANG_WARN_RANGE_LOOP_ANALYSIS = YES;
				CLANG_WARN_STRICT_PROTOTYPES = YES;
				CLANG_WARN_SUSPICIOUS_MOVE = YES;
				CLANG_WARN_UNGUARDED_AVAILABILITY = YES_AGGRESSIVE;
				CLANG_WARN_UNREACHABLE_CODE = YES;
				CLANG_WARN__DUPLICATE_METHOD_MATCH = YES;
				CODE_SIGN_IDENTITY = "iPhone Developer";
				COPY_PHASE_STRIP = NO;
				DEBUG_INFORMATION_FORMAT = "dwarf-with-dsym";
				ENABLE_NS_ASSERTIONS = NO;
				ENABLE_STRICT_OBJC_MSGSEND = YES;
				GCC_C_LANGUAGE_STANDARD = gnu11;
				GCC_NO_COMMON_BLOCKS = YES;
				GCC_WARN_64_TO_32_BIT_CONVERSION = YES;
				GCC_WARN_ABOUT_RETURN_TYPE = YES_ERROR;
				GCC_WARN_UNDECLARED_SELECTOR = YES;
				GCC_WARN_UNINITIALIZED_AUTOS = YES_AGGRESSIVE;
				GCC_WARN_UNUSED_FUNCTION = YES;
				GCC_WARN_UNUSED_VARIABLE = YES;
				IPHONEOS_DEPLOYMENT_TARGET = 11.3;
				MTL_ENABLE_DEBUG_INFO = NO;
				SDKROOT = iphoneos;
				SWIFT_COMPILATION_MODE = wholemodule;
				SWIFT_OPTIMIZATION_LEVEL = "-O";
				VALIDATE_PRODUCT = YES;
			};
			name = Release;
		};
		7574EB4D209214F200F4169D /* Debug */ = {
			isa = XCBuildConfiguration;
			baseConfigurationReference = F71DE499F82084CE767E7B82 /* Pods-IMGVision.debug.xcconfig */;
			buildSettings = {
				ASSETCATALOG_COMPILER_APPICON_NAME = AppIcon;
				CODE_SIGN_STYLE = Automatic;
				DEVELOPMENT_TEAM = Z6ZF6BB944;
				INFOPLIST_FILE = IMGVision/Info.plist;
				LD_RUNPATH_SEARCH_PATHS = "$(inherited) @executable_path/Frameworks";
				PRODUCT_BUNDLE_IDENTIFIER = ammYou.IMGVision;
				PRODUCT_NAME = "$(TARGET_NAME)";
				SWIFT_VERSION = 4.0;
				TARGETED_DEVICE_FAMILY = "1,2";
			};
			name = Debug;
		};
		7574EB4E209214F200F4169D /* Release */ = {
			isa = XCBuildConfiguration;
			baseConfigurationReference = 73512EE33AEA8B4286808ACA /* Pods-IMGVision.release.xcconfig */;
			buildSettings = {
				ASSETCATALOG_COMPILER_APPICON_NAME = AppIcon;
				CODE_SIGN_STYLE = Automatic;
				DEVELOPMENT_TEAM = Z6ZF6BB944;
				INFOPLIST_FILE = IMGVision/Info.plist;
				LD_RUNPATH_SEARCH_PATHS = "$(inherited) @executable_path/Frameworks";
				PRODUCT_BUNDLE_IDENTIFIER = ammYou.IMGVision;
				PRODUCT_NAME = "$(TARGET_NAME)";
				SWIFT_VERSION = 4.0;
				TARGETED_DEVICE_FAMILY = "1,2";
			};
			name = Release;
		};
/* End XCBuildConfiguration section */

/* Begin XCConfigurationList section */
		7574EB32209214F100F4169D /* Build configuration list for PBXProject "IMGVision" */ = {
			isa = XCConfigurationList;
			buildConfigurations = (
				7574EB4A209214F200F4169D /* Debug */,
				7574EB4B209214F200F4169D /* Release */,
			);
			defaultConfigurationIsVisible = 0;
			defaultConfigurationName = Release;
		};
		7574EB4C209214F200F4169D /* Build configuration list for PBXNativeTarget "IMGVision" */ = {
			isa = XCConfigurationList;
			buildConfigurations = (
				7574EB4D209214F200F4169D /* Debug */,
				7574EB4E209214F200F4169D /* Release */,
			);
			defaultConfigurationIsVisible = 0;
			defaultConfigurationName = Release;
		};
/* End XCConfigurationList section */

/* Begin XCVersionGroup section */
		7574EB41209214F100F4169D /* IMGVision.xcdatamodeld */ = {
			isa = XCVersionGroup;
			children = (
				7574EB42209214F100F4169D /* IMGVision.xcdatamodel */,
			);
			currentVersion = 7574EB42209214F100F4169D /* IMGVision.xcdatamodel */;
			path = IMGVision.xcdatamodeld;
			sourceTree = "<group>";
			versionGroupType = wrapper.xcdatamodel;
		};
/* End XCVersionGroup section */
	};
	rootObject = 7574EB2F209214F100F4169D /* Project object */;
}
